
Microsoft Visual Studio Solution File, Format Version 12.00
# Visual Studio Version 17
VisualStudioVersion = 17.8.34316.72
MinimumVisualStudioVersion = 10.0.40219.1
Project("{FAE04EC0-301F-11D3-BF4B-00C04F79EFBC}") = "StackandQueueExamples", "StackandQueueExamples\StackandQueueExamples.csproj", "{05B1DAD6-8A65-4CF0-A078-09C64CD36F01}"
EndProject
Global
	GlobalSection(SolutionConfigurationPlatforms) = preSolution
		Debug|Any CPU = Debug|Any CPU
		Release|Any CPU = Release|Any CPU
	EndGlobalSection
	GlobalSection(ProjectConfigurationPlatforms) = postSolution
		{05B1DAD6-8A65-4CF0-A078-09C64CD36F01}.Debug|Any CPU.ActiveCfg = Debug|Any CPU
		{05B1DAD6-8A65-4CF0-A078-09C64CD36F01}.Debug|Any CPU.Build.0 = Debug|Any CPU
		{05B1DAD6-8A65-4CF0-A078-09C64CD36F01}.Release|Any CPU.ActiveCfg = Release|Any CPU
		{05B1DAD6-8A65-4CF0-A078-09C64CD36F01}.Release|Any CPU.Build.0 = Release|Any CPU
	EndGlobalSection
	GlobalSection(SolutionProperties) = preSolution
		HideSolutionNode = FALSE
	EndGlobalSection
	GlobalSection(ExtensibilityGlobals) = postSolution
		SolutionGuid = {EE04C4EF-C060-494B-867D-C20CCCC00481}
	EndGlobalSection
EndGlobal
